// !$*UTF8*$!
{
	archiveVersion = 1;
	classes = {
	};
	objectVersion = 48;
	objects = {

/* Begin PBXBuildFile section */
		4A1D73C31FD32E6000BDCEB3 /* GetUserRequestModel.swift in Sources */ = {isa = PBXBuildFile; fileRef = 4A1D73C21FD32E6000BDCEB3 /* GetUserRequestModel.swift */; };
		4A20C40B1FD4B75700579306 /* LaunchScreenViewController.swift in Sources */ = {isa = PBXBuildFile; fileRef = 4A20C40A1FD4B75700579306 /* LaunchScreenViewController.swift */; };
		4A7976861FCF621200C4CDCA /* EventsTableViewController.swift in Sources */ = {isa = PBXBuildFile; fileRef = 4A7976851FCF621200C4CDCA /* EventsTableViewController.swift */; };
		4A79768A1FCF6BB100C4CDCA /* EventsTableViewCell.swift in Sources */ = {isa = PBXBuildFile; fileRef = 4A7976891FCF6BB100C4CDCA /* EventsTableViewCell.swift */; };
		4A79768E1FCFAC8300C4CDCA /* ActivityTableViewController.swift in Sources */ = {isa = PBXBuildFile; fileRef = 4A79768D1FCFAC8300C4CDCA /* ActivityTableViewController.swift */; };
		4A7976901FCFB07800C4CDCA /* ActivityTableViewCell.swift in Sources */ = {isa = PBXBuildFile; fileRef = 4A79768F1FCFB07800C4CDCA /* ActivityTableViewCell.swift */; };
		4A7976921FCFBBC900C4CDCA /* SecondRegisterViewController.swift in Sources */ = {isa = PBXBuildFile; fileRef = 4A7976911FCFBBC900C4CDCA /* SecondRegisterViewController.swift */; };
		4A97024D1FD25AA200BCE979 /* customedUINavigationController.swift in Sources */ = {isa = PBXBuildFile; fileRef = 4A97024C1FD25AA200BCE979 /* customedUINavigationController.swift */; };
		4A97024F1FD2601500BCE979 /* EventDetailViewController.swift in Sources */ = {isa = PBXBuildFile; fileRef = 4A97024E1FD2601500BCE979 /* EventDetailViewController.swift */; };
		4A9702511FD27AFB00BCE979 /* UsersInEventTableViewController.swift in Sources */ = {isa = PBXBuildFile; fileRef = 4A9702501FD27AFB00BCE979 /* UsersInEventTableViewController.swift */; };
		4A9702531FD27BA500BCE979 /* UsersInEventTableViewCell.swift in Sources */ = {isa = PBXBuildFile; fileRef = 4A9702521FD27BA500BCE979 /* UsersInEventTableViewCell.swift */; };
		4AAACC4F1FD11B0000C13F10 /* AddEventTableViewController.swift in Sources */ = {isa = PBXBuildFile; fileRef = 4AAACC4E1FD11B0000C13F10 /* AddEventTableViewController.swift */; };
		4ABC013B1FCA56CE001F2813 /* AppDelegate.swift in Sources */ = {isa = PBXBuildFile; fileRef = 4ABC013A1FCA56CE001F2813 /* AppDelegate.swift */; };
		4ABC01401FCA56CE001F2813 /* Main.storyboard in Resources */ = {isa = PBXBuildFile; fileRef = 4ABC013E1FCA56CE001F2813 /* Main.storyboard */; };
		4ABC01421FCA56CE001F2813 /* Assets.xcassets in Resources */ = {isa = PBXBuildFile; fileRef = 4ABC01411FCA56CE001F2813 /* Assets.xcassets */; };
		4ABC01451FCA56CE001F2813 /* LaunchScreen.storyboard in Resources */ = {isa = PBXBuildFile; fileRef = 4ABC01431FCA56CE001F2813 /* LaunchScreen.storyboard */; };
		4ABC01501FCA56CF001F2813 /* sportsUpTests.swift in Sources */ = {isa = PBXBuildFile; fileRef = 4ABC014F1FCA56CF001F2813 /* sportsUpTests.swift */; };
		4ABC015B1FCA56CF001F2813 /* sportsUpUITests.swift in Sources */ = {isa = PBXBuildFile; fileRef = 4ABC015A1FCA56CF001F2813 /* sportsUpUITests.swift */; };
		4ABC016A1FCA56F6001F2813 /* RegisterRequestModel.swift in Sources */ = {isa = PBXBuildFile; fileRef = 4ABC01691FCA56F6001F2813 /* RegisterRequestModel.swift */; };
		4ABC016C1FCA5917001F2813 /* RegisterResponseModel.swift in Sources */ = {isa = PBXBuildFile; fileRef = 4ABC016B1FCA5917001F2813 /* RegisterResponseModel.swift */; };
		4ABC016E1FCA59BD001F2813 /* LoginRequestModel.swift in Sources */ = {isa = PBXBuildFile; fileRef = 4ABC016D1FCA59BD001F2813 /* LoginRequestModel.swift */; };
		4ABC01701FCA5A32001F2813 /* LoginResponseModel.swift in Sources */ = {isa = PBXBuildFile; fileRef = 4ABC016F1FCA5A32001F2813 /* LoginResponseModel.swift */; };
		4ABC01721FCA5BF9001F2813 /* EventListItemModel.swift in Sources */ = {isa = PBXBuildFile; fileRef = 4ABC01711FCA5BF9001F2813 /* EventListItemModel.swift */; };
		4ABC01741FCA600C001F2813 /* EventListRequestModel.swift in Sources */ = {isa = PBXBuildFile; fileRef = 4ABC01731FCA600C001F2813 /* EventListRequestModel.swift */; };
		4ABC01761FCA6029001F2813 /* EventListResponseModel.swift in Sources */ = {isa = PBXBuildFile; fileRef = 4ABC01751FCA6029001F2813 /* EventListResponseModel.swift */; };
		4ABC01781FCA6310001F2813 /* EventDetailModel.swift in Sources */ = {isa = PBXBuildFile; fileRef = 4ABC01771FCA6310001F2813 /* EventDetailModel.swift */; };
		4ABC017A1FCA632C001F2813 /* NewEventRequestModel.swift in Sources */ = {isa = PBXBuildFile; fileRef = 4ABC01791FCA632C001F2813 /* NewEventRequestModel.swift */; };
		4ABC017C1FCA66FC001F2813 /* NewEventResponseModel.swift in Sources */ = {isa = PBXBuildFile; fileRef = 4ABC017B1FCA66FC001F2813 /* NewEventResponseModel.swift */; };
		4ABC017E1FCA671B001F2813 /* EventDetailRequestModel.swift in Sources */ = {isa = PBXBuildFile; fileRef = 4ABC017D1FCA671B001F2813 /* EventDetailRequestModel.swift */; };
		4ABC01801FCA690A001F2813 /* UserModel.swift in Sources */ = {isa = PBXBuildFile; fileRef = 4ABC017F1FCA690A001F2813 /* UserModel.swift */; };
		4ABC01821FCA6AB9001F2813 /* EventDetailResponseModel.swift in Sources */ = {isa = PBXBuildFile; fileRef = 4ABC01811FCA6AB9001F2813 /* EventDetailResponseModel.swift */; };
		4ABC01841FCA6CE8001F2813 /* EnrollEventRequestModel.swift in Sources */ = {isa = PBXBuildFile; fileRef = 4ABC01831FCA6CE8001F2813 /* EnrollEventRequestModel.swift */; };
		4ABC01861FCA6E0A001F2813 /* EnrollEventResponseModel.swift in Sources */ = {isa = PBXBuildFile; fileRef = 4ABC01851FCA6E0A001F2813 /* EnrollEventResponseModel.swift */; };
		4ABC01881FCA6E1F001F2813 /* UnrollEventRequestModel.swift in Sources */ = {isa = PBXBuildFile; fileRef = 4ABC01871FCA6E1F001F2813 /* UnrollEventRequestModel.swift */; };
		4ABC018A1FCA6E45001F2813 /* UnrollEventResponseModel.swift in Sources */ = {isa = PBXBuildFile; fileRef = 4ABC01891FCA6E45001F2813 /* UnrollEventResponseModel.swift */; };
		4ABC018C1FCA9659001F2813 /* StadiumModel.swift in Sources */ = {isa = PBXBuildFile; fileRef = 4ABC018B1FCA9659001F2813 /* StadiumModel.swift */; };
		4ABC018E1FCA976A001F2813 /* CreateStadiumRequestModel.swift in Sources */ = {isa = PBXBuildFile; fileRef = 4ABC018D1FCA976A001F2813 /* CreateStadiumRequestModel.swift */; };
		4ABC01901FCA97B8001F2813 /* CreateStadiumResponseModel.swift in Sources */ = {isa = PBXBuildFile; fileRef = 4ABC018F1FCA97B8001F2813 /* CreateStadiumResponseModel.swift */; };
		4ABC01921FCA99E2001F2813 /* GetStadiumRequestModel.swift in Sources */ = {isa = PBXBuildFile; fileRef = 4ABC01911FCA99E2001F2813 /* GetStadiumRequestModel.swift */; };
		4ABC01941FCA9A13001F2813 /* GetStadiumResponseModel.swift in Sources */ = {isa = PBXBuildFile; fileRef = 4ABC01931FCA9A13001F2813 /* GetStadiumResponseModel.swift */; };
		4AD3B0CA1FD377E50060AEB1 /* CustomedTabBarController.swift in Sources */ = {isa = PBXBuildFile; fileRef = 4AD3B0C91FD377E50060AEB1 /* CustomedTabBarController.swift */; };
		4AD3B0CC1FD38C9B0060AEB1 /* ProfileTableViewCell.swift in Sources */ = {isa = PBXBuildFile; fileRef = 4AD3B0CB1FD38C9B0060AEB1 /* ProfileTableViewCell.swift */; };
		4AD3B0CE1FD38D610060AEB1 /* ProfileTableViewController.swift in Sources */ = {isa = PBXBuildFile; fileRef = 4AD3B0CD1FD38D610060AEB1 /* ProfileTableViewController.swift */; };
		4AD921481FD124550063B2CD /* AddEventTableViewCell.swift in Sources */ = {isa = PBXBuildFile; fileRef = 4AD921471FD124550063B2CD /* AddEventTableViewCell.swift */; };
		4ADC79FB1FD1340B00834463 /* AddEventDetailViewController.swift in Sources */ = {isa = PBXBuildFile; fileRef = 4ADC79FA1FD1340B00834463 /* AddEventDetailViewController.swift */; };
		4AEC14051FCE30D300F87134 /* LoginPageUiewController.swift in Sources */ = {isa = PBXBuildFile; fileRef = 4AEC14041FCE30D300F87134 /* LoginPageUiewController.swift */; };
		4AEC14071FCE326300F87134 /* RegisterViewController.swift in Sources */ = {isa = PBXBuildFile; fileRef = 4AEC14061FCE326300F87134 /* RegisterViewController.swift */; };
		4AEC140C1FCE368F00F87134 /* Tools.swift in Sources */ = {isa = PBXBuildFile; fileRef = 4AEC140B1FCE368F00F87134 /* Tools.swift */; };
/* End PBXBuildFile section */

/* Begin PBXContainerItemProxy section */
		4ABC014C1FCA56CF001F2813 /* PBXContainerItemProxy */ = {
			isa = PBXContainerItemProxy;
			containerPortal = 4ABC012F1FCA56CE001F2813 /* Project object */;
			proxyType = 1;
			remoteGlobalIDString = 4ABC01361FCA56CE001F2813;
			remoteInfo = sportsUp;
		};
		4ABC01571FCA56CF001F2813 /* PBXContainerItemProxy */ = {
			isa = PBXContainerItemProxy;
			containerPortal = 4ABC012F1FCA56CE001F2813 /* Project object */;
			proxyType = 1;
			remoteGlobalIDString = 4ABC01361FCA56CE001F2813;
			remoteInfo = sportsUp;
		};
/* End PBXContainerItemProxy section */

/* Begin PBXFileReference section */
		4A1D73C21FD32E6000BDCEB3 /* GetUserRequestModel.swift */ = {isa = PBXFileReference; lastKnownFileType = sourcecode.swift; path = GetUserRequestModel.swift; sourceTree = "<group>"; };
		4A20C40A1FD4B75700579306 /* LaunchScreenViewController.swift */ = {isa = PBXFileReference; lastKnownFileType = sourcecode.swift; path = LaunchScreenViewController.swift; sourceTree = "<group>"; };
		4A7976851FCF621200C4CDCA /* EventsTableViewController.swift */ = {isa = PBXFileReference; lastKnownFileType = sourcecode.swift; path = EventsTableViewController.swift; sourceTree = "<group>"; };
		4A7976891FCF6BB100C4CDCA /* EventsTableViewCell.swift */ = {isa = PBXFileReference; lastKnownFileType = sourcecode.swift; path = EventsTableViewCell.swift; sourceTree = "<group>"; };
		4A79768D1FCFAC8300C4CDCA /* ActivityTableViewController.swift */ = {isa = PBXFileReference; lastKnownFileType = sourcecode.swift; path = ActivityTableViewController.swift; sourceTree = "<group>"; };
		4A79768F1FCFB07800C4CDCA /* ActivityTableViewCell.swift */ = {isa = PBXFileReference; lastKnownFileType = sourcecode.swift; path = ActivityTableViewCell.swift; sourceTree = "<group>"; };
		4A7976911FCFBBC900C4CDCA /* SecondRegisterViewController.swift */ = {isa = PBXFileReference; lastKnownFileType = sourcecode.swift; path = SecondRegisterViewController.swift; sourceTree = "<group>"; };
		4A97024C1FD25AA200BCE979 /* customedUINavigationController.swift */ = {isa = PBXFileReference; lastKnownFileType = sourcecode.swift; path = customedUINavigationController.swift; sourceTree = "<group>"; };
		4A97024E1FD2601500BCE979 /* EventDetailViewController.swift */ = {isa = PBXFileReference; lastKnownFileType = sourcecode.swift; path = EventDetailViewController.swift; sourceTree = "<group>"; };
		4A9702501FD27AFB00BCE979 /* UsersInEventTableViewController.swift */ = {isa = PBXFileReference; lastKnownFileType = sourcecode.swift; path = UsersInEventTableViewController.swift; sourceTree = "<group>"; };
		4A9702521FD27BA500BCE979 /* UsersInEventTableViewCell.swift */ = {isa = PBXFileReference; lastKnownFileType = sourcecode.swift; path = UsersInEventTableViewCell.swift; sourceTree = "<group>"; };
		4AAACC4E1FD11B0000C13F10 /* AddEventTableViewController.swift */ = {isa = PBXFileReference; lastKnownFileType = sourcecode.swift; path = AddEventTableViewController.swift; sourceTree = "<group>"; };
		4ABC01371FCA56CE001F2813 /* sportsUp.app */ = {isa = PBXFileReference; explicitFileType = wrapper.application; includeInIndex = 0; path = sportsUp.app; sourceTree = BUILT_PRODUCTS_DIR; };
		4ABC013A1FCA56CE001F2813 /* AppDelegate.swift */ = {isa = PBXFileReference; lastKnownFileType = sourcecode.swift; path = AppDelegate.swift; sourceTree = "<group>"; };
		4ABC013F1FCA56CE001F2813 /* Base */ = {isa = PBXFileReference; lastKnownFileType = file.storyboard; name = Base; path = Base.lproj/Main.storyboard; sourceTree = "<group>"; };
		4ABC01411FCA56CE001F2813 /* Assets.xcassets */ = {isa = PBXFileReference; lastKnownFileType = folder.assetcatalog; path = Assets.xcassets; sourceTree = "<group>"; };
		4ABC01441FCA56CE001F2813 /* Base */ = {isa = PBXFileReference; lastKnownFileType = file.storyboard; name = Base; path = Base.lproj/LaunchScreen.storyboard; sourceTree = "<group>"; };
		4ABC01461FCA56CE001F2813 /* Info.plist */ = {isa = PBXFileReference; lastKnownFileType = text.plist.xml; path = Info.plist; sourceTree = "<group>"; };
		4ABC014B1FCA56CF001F2813 /* sportsUpTests.xctest */ = {isa = PBXFileReference; explicitFileType = wrapper.cfbundle; includeInIndex = 0; path = sportsUpTests.xctest; sourceTree = BUILT_PRODUCTS_DIR; };
		4ABC014F1FCA56CF001F2813 /* sportsUpTests.swift */ = {isa = PBXFileReference; lastKnownFileType = sourcecode.swift; path = sportsUpTests.swift; sourceTree = "<group>"; };
		4ABC01511FCA56CF001F2813 /* Info.plist */ = {isa = PBXFileReference; lastKnownFileType = text.plist.xml; path = Info.plist; sourceTree = "<group>"; };
		4ABC01561FCA56CF001F2813 /* sportsUpUITests.xctest */ = {isa = PBXFileReference; explicitFileType = wrapper.cfbundle; includeInIndex = 0; path = sportsUpUITests.xctest; sourceTree = BUILT_PRODUCTS_DIR; };
		4ABC015A1FCA56CF001F2813 /* sportsUpUITests.swift */ = {isa = PBXFileReference; lastKnownFileType = sourcecode.swift; path = sportsUpUITests.swift; sourceTree = "<group>"; };
		4ABC015C1FCA56CF001F2813 /* Info.plist */ = {isa = PBXFileReference; lastKnownFileType = text.plist.xml; path = Info.plist; sourceTree = "<group>"; };
		4ABC01691FCA56F6001F2813 /* RegisterRequestModel.swift */ = {isa = PBXFileReference; lastKnownFileType = sourcecode.swift; path = RegisterRequestModel.swift; sourceTree = "<group>"; };
		4ABC016B1FCA5917001F2813 /* RegisterResponseModel.swift */ = {isa = PBXFileReference; lastKnownFileType = sourcecode.swift; path = RegisterResponseModel.swift; sourceTree = "<group>"; };
		4ABC016D1FCA59BD001F2813 /* LoginRequestModel.swift */ = {isa = PBXFileReference; lastKnownFileType = sourcecode.swift; path = LoginRequestModel.swift; sourceTree = "<group>"; };
		4ABC016F1FCA5A32001F2813 /* LoginResponseModel.swift */ = {isa = PBXFileReference; lastKnownFileType = sourcecode.swift; path = LoginResponseModel.swift; sourceTree = "<group>"; };
		4ABC01711FCA5BF9001F2813 /* EventListItemModel.swift */ = {isa = PBXFileReference; lastKnownFileType = sourcecode.swift; path = EventListItemModel.swift; sourceTree = "<group>"; };
		4ABC01731FCA600C001F2813 /* EventListRequestModel.swift */ = {isa = PBXFileReference; lastKnownFileType = sourcecode.swift; path = EventListRequestModel.swift; sourceTree = "<group>"; };
		4ABC01751FCA6029001F2813 /* EventListResponseModel.swift */ = {isa = PBXFileReference; lastKnownFileType = sourcecode.swift; path = EventListResponseModel.swift; sourceTree = "<group>"; };
		4ABC01771FCA6310001F2813 /* EventDetailModel.swift */ = {isa = PBXFileReference; lastKnownFileType = sourcecode.swift; path = EventDetailModel.swift; sourceTree = "<group>"; };
		4ABC01791FCA632C001F2813 /* NewEventRequestModel.swift */ = {isa = PBXFileReference; lastKnownFileType = sourcecode.swift; path = NewEventRequestModel.swift; sourceTree = "<group>"; };
		4ABC017B1FCA66FC001F2813 /* NewEventResponseModel.swift */ = {isa = PBXFileReference; lastKnownFileType = sourcecode.swift; path = NewEventResponseModel.swift; sourceTree = "<group>"; };
		4ABC017D1FCA671B001F2813 /* EventDetailRequestModel.swift */ = {isa = PBXFileReference; lastKnownFileType = sourcecode.swift; path = EventDetailRequestModel.swift; sourceTree = "<group>"; };
		4ABC017F1FCA690A001F2813 /* UserModel.swift */ = {isa = PBXFileReference; lastKnownFileType = sourcecode.swift; path = UserModel.swift; sourceTree = "<group>"; };
		4ABC01811FCA6AB9001F2813 /* EventDetailResponseModel.swift */ = {isa = PBXFileReference; lastKnownFileType = sourcecode.swift; path = EventDetailResponseModel.swift; sourceTree = "<group>"; };
		4ABC01831FCA6CE8001F2813 /* EnrollEventRequestModel.swift */ = {isa = PBXFileReference; lastKnownFileType = sourcecode.swift; path = EnrollEventRequestModel.swift; sourceTree = "<group>"; };
		4ABC01851FCA6E0A001F2813 /* EnrollEventResponseModel.swift */ = {isa = PBXFileReference; lastKnownFileType = sourcecode.swift; path = EnrollEventResponseModel.swift; sourceTree = "<group>"; };
		4ABC01871FCA6E1F001F2813 /* UnrollEventRequestModel.swift */ = {isa = PBXFileReference; lastKnownFileType = sourcecode.swift; path = UnrollEventRequestModel.swift; sourceTree = "<group>"; };
		4ABC01891FCA6E45001F2813 /* UnrollEventResponseModel.swift */ = {isa = PBXFileReference; lastKnownFileType = sourcecode.swift; path = UnrollEventResponseModel.swift; sourceTree = "<group>"; };
		4ABC018B1FCA9659001F2813 /* StadiumModel.swift */ = {isa = PBXFileReference; lastKnownFileType = sourcecode.swift; path = StadiumModel.swift; sourceTree = "<group>"; };
		4ABC018D1FCA976A001F2813 /* CreateStadiumRequestModel.swift */ = {isa = PBXFileReference; lastKnownFileType = sourcecode.swift; path = CreateStadiumRequestModel.swift; sourceTree = "<group>"; };
		4ABC018F1FCA97B8001F2813 /* CreateStadiumResponseModel.swift */ = {isa = PBXFileReference; lastKnownFileType = sourcecode.swift; path = CreateStadiumResponseModel.swift; sourceTree = "<group>"; };
		4ABC01911FCA99E2001F2813 /* GetStadiumRequestModel.swift */ = {isa = PBXFileReference; lastKnownFileType = sourcecode.swift; path = GetStadiumRequestModel.swift; sourceTree = "<group>"; };
		4ABC01931FCA9A13001F2813 /* GetStadiumResponseModel.swift */ = {isa = PBXFileReference; lastKnownFileType = sourcecode.swift; path = GetStadiumResponseModel.swift; sourceTree = "<group>"; };
		4AD3B0C91FD377E50060AEB1 /* CustomedTabBarController.swift */ = {isa = PBXFileReference; lastKnownFileType = sourcecode.swift; path = CustomedTabBarController.swift; sourceTree = "<group>"; };
		4AD3B0CB1FD38C9B0060AEB1 /* ProfileTableViewCell.swift */ = {isa = PBXFileReference; lastKnownFileType = sourcecode.swift; path = ProfileTableViewCell.swift; sourceTree = "<group>"; };
		4AD3B0CD1FD38D610060AEB1 /* ProfileTableViewController.swift */ = {isa = PBXFileReference; lastKnownFileType = sourcecode.swift; path = ProfileTableViewController.swift; sourceTree = "<group>"; };
		4AD921471FD124550063B2CD /* AddEventTableViewCell.swift */ = {isa = PBXFileReference; lastKnownFileType = sourcecode.swift; path = AddEventTableViewCell.swift; sourceTree = "<group>"; };
		4ADC79FA1FD1340B00834463 /* AddEventDetailViewController.swift */ = {isa = PBXFileReference; lastKnownFileType = sourcecode.swift; path = AddEventDetailViewController.swift; sourceTree = "<group>"; };
		4AEC14041FCE30D300F87134 /* LoginPageUiewController.swift */ = {isa = PBXFileReference; lastKnownFileType = sourcecode.swift; path = LoginPageUiewController.swift; sourceTree = "<group>"; };
		4AEC14061FCE326300F87134 /* RegisterViewController.swift */ = {isa = PBXFileReference; lastKnownFileType = sourcecode.swift; path = RegisterViewController.swift; sourceTree = "<group>"; };
		4AEC140B1FCE368F00F87134 /* Tools.swift */ = {isa = PBXFileReference; lastKnownFileType = sourcecode.swift; path = Tools.swift; sourceTree = "<group>"; };
/* End PBXFileReference section */

/* Begin PBXFrameworksBuildPhase section */
		4ABC01341FCA56CE001F2813 /* Frameworks */ = {
			isa = PBXFrameworksBuildPhase;
			buildActionMask = 2147483647;
			files = (
			);
			runOnlyForDeploymentPostprocessing = 0;
		};
		4ABC01481FCA56CF001F2813 /* Frameworks */ = {
			isa = PBXFrameworksBuildPhase;
			buildActionMask = 2147483647;
			files = (
			);
			runOnlyForDeploymentPostprocessing = 0;
		};
		4ABC01531FCA56CF001F2813 /* Frameworks */ = {
			isa = PBXFrameworksBuildPhase;
			buildActionMask = 2147483647;
			files = (
			);
			runOnlyForDeploymentPostprocessing = 0;
		};
/* End PBXFrameworksBuildPhase section */

/* Begin PBXGroup section */
		4A7976881FCF6B9300C4CDCA /* views */ = {
			isa = PBXGroup;
			children = (
				4A7976891FCF6BB100C4CDCA /* EventsTableViewCell.swift */,
				4A79768F1FCFB07800C4CDCA /* ActivityTableViewCell.swift */,
				4AD921471FD124550063B2CD /* AddEventTableViewCell.swift */,
				4A9702521FD27BA500BCE979 /* UsersInEventTableViewCell.swift */,
				4AD3B0CB1FD38C9B0060AEB1 /* ProfileTableViewCell.swift */,
			);
			path = views;
			sourceTree = "<group>";
		};
		4ABC012E1FCA56CE001F2813 = {
			isa = PBXGroup;
			children = (
				4ABC01391FCA56CE001F2813 /* sportsUp */,
				4ABC014E1FCA56CF001F2813 /* sportsUpTests */,
				4ABC01591FCA56CF001F2813 /* sportsUpUITests */,
				4ABC01381FCA56CE001F2813 /* Products */,
			);
			sourceTree = "<group>";
		};
		4ABC01381FCA56CE001F2813 /* Products */ = {
			isa = PBXGroup;
			children = (
				4ABC01371FCA56CE001F2813 /* sportsUp.app */,
				4ABC014B1FCA56CF001F2813 /* sportsUpTests.xctest */,
				4ABC01561FCA56CF001F2813 /* sportsUpUITests.xctest */,
			);
			name = Products;
			sourceTree = "<group>";
		};
		4ABC01391FCA56CE001F2813 /* sportsUp */ = {
			isa = PBXGroup;
			children = (
				4A7976881FCF6B9300C4CDCA /* views */,
				4AEC14081FCE366700F87134 /* tools */,
				4ABC01681FCA56D7001F2813 /* models */,
				4ABC01951FCA9FAA001F2813 /* controllers */,
				4ABC013A1FCA56CE001F2813 /* AppDelegate.swift */,
				4ABC013E1FCA56CE001F2813 /* Main.storyboard */,
				4ABC01411FCA56CE001F2813 /* Assets.xcassets */,
				4ABC01431FCA56CE001F2813 /* LaunchScreen.storyboard */,
				4ABC01461FCA56CE001F2813 /* Info.plist */,
			);
			path = sportsUp;
			sourceTree = "<group>";
		};
		4ABC014E1FCA56CF001F2813 /* sportsUpTests */ = {
			isa = PBXGroup;
			children = (
				4ABC014F1FCA56CF001F2813 /* sportsUpTests.swift */,
				4ABC01511FCA56CF001F2813 /* Info.plist */,
			);
			path = sportsUpTests;
			sourceTree = "<group>";
		};
		4ABC01591FCA56CF001F2813 /* sportsUpUITests */ = {
			isa = PBXGroup;
			children = (
				4ABC015A1FCA56CF001F2813 /* sportsUpUITests.swift */,
				4ABC015C1FCA56CF001F2813 /* Info.plist */,
			);
			path = sportsUpUITests;
			sourceTree = "<group>";
		};
		4ABC01681FCA56D7001F2813 /* models */ = {
			isa = PBXGroup;
			children = (
				4ABC01691FCA56F6001F2813 /* RegisterRequestModel.swift */,
				4ABC016B1FCA5917001F2813 /* RegisterResponseModel.swift */,
				4ABC016D1FCA59BD001F2813 /* LoginRequestModel.swift */,
				4ABC016F1FCA5A32001F2813 /* LoginResponseModel.swift */,
				4ABC01711FCA5BF9001F2813 /* EventListItemModel.swift */,
				4ABC01731FCA600C001F2813 /* EventListRequestModel.swift */,
				4ABC01751FCA6029001F2813 /* EventListResponseModel.swift */,
				4ABC017F1FCA690A001F2813 /* UserModel.swift */,
				4A1D73C21FD32E6000BDCEB3 /* GetUserRequestModel.swift */,
				4ABC01771FCA6310001F2813 /* EventDetailModel.swift */,
				4ABC01791FCA632C001F2813 /* NewEventRequestModel.swift */,
				4ABC017B1FCA66FC001F2813 /* NewEventResponseModel.swift */,
				4ABC017D1FCA671B001F2813 /* EventDetailRequestModel.swift */,
				4ABC01811FCA6AB9001F2813 /* EventDetailResponseModel.swift */,
				4ABC01831FCA6CE8001F2813 /* EnrollEventRequestModel.swift */,
				4ABC01851FCA6E0A001F2813 /* EnrollEventResponseModel.swift */,
				4ABC01871FCA6E1F001F2813 /* UnrollEventRequestModel.swift */,
				4ABC01891FCA6E45001F2813 /* UnrollEventResponseModel.swift */,
				4ABC018B1FCA9659001F2813 /* StadiumModel.swift */,
				4ABC018D1FCA976A001F2813 /* CreateStadiumRequestModel.swift */,
				4ABC018F1FCA97B8001F2813 /* CreateStadiumResponseModel.swift */,
				4ABC01911FCA99E2001F2813 /* GetStadiumRequestModel.swift */,
				4ABC01931FCA9A13001F2813 /* GetStadiumResponseModel.swift */,
			);
			path = models;
			sourceTree = "<group>";
		};
		4ABC01951FCA9FAA001F2813 /* controllers */ = {
			isa = PBXGroup;
			children = (
				4AEC14041FCE30D300F87134 /* LoginPageUiewController.swift */,
				4AEC14061FCE326300F87134 /* RegisterViewController.swift */,
				4A7976911FCFBBC900C4CDCA /* SecondRegisterViewController.swift */,
				4A7976851FCF621200C4CDCA /* EventsTableViewController.swift */,
				4A79768D1FCFAC8300C4CDCA /* ActivityTableViewController.swift */,
				4AAACC4E1FD11B0000C13F10 /* AddEventTableViewController.swift */,
				4ADC79FA1FD1340B00834463 /* AddEventDetailViewController.swift */,
				4A97024C1FD25AA200BCE979 /* customedUINavigationController.swift */,
				4A97024E1FD2601500BCE979 /* EventDetailViewController.swift */,
				4A9702501FD27AFB00BCE979 /* UsersInEventTableViewController.swift */,
				4AD3B0C91FD377E50060AEB1 /* CustomedTabBarController.swift */,
				4AD3B0CD1FD38D610060AEB1 /* ProfileTableViewController.swift */,
				4A20C40A1FD4B75700579306 /* LaunchScreenViewController.swift */,
			);
			path = controllers;
			sourceTree = "<group>";
		};
		4AEC14081FCE366700F87134 /* tools */ = {
			isa = PBXGroup;
			children = (
				4AEC140B1FCE368F00F87134 /* Tools.swift */,
			);
			path = tools;
			sourceTree = "<group>";
		};
/* End PBXGroup section */

/* Begin PBXNativeTarget section */
		4ABC01361FCA56CE001F2813 /* sportsUp */ = {
			isa = PBXNativeTarget;
			buildConfigurationList = 4ABC015F1FCA56CF001F2813 /* Build configuration list for PBXNativeTarget "sportsUp" */;
			buildPhases = (
				4ABC01331FCA56CE001F2813 /* Sources */,
				4ABC01341FCA56CE001F2813 /* Frameworks */,
				4ABC01351FCA56CE001F2813 /* Resources */,
			);
			buildRules = (
			);
			dependencies = (
			);
			name = sportsUp;
			productName = sportsUp;
			productReference = 4ABC01371FCA56CE001F2813 /* sportsUp.app */;
			productType = "com.apple.product-type.application";
		};
		4ABC014A1FCA56CF001F2813 /* sportsUpTests */ = {
			isa = PBXNativeTarget;
			buildConfigurationList = 4ABC01621FCA56CF001F2813 /* Build configuration list for PBXNativeTarget "sportsUpTests" */;
			buildPhases = (
				4ABC01471FCA56CF001F2813 /* Sources */,
				4ABC01481FCA56CF001F2813 /* Frameworks */,
				4ABC01491FCA56CF001F2813 /* Resources */,
			);
			buildRules = (
			);
			dependencies = (
				4ABC014D1FCA56CF001F2813 /* PBXTargetDependency */,
			);
			name = sportsUpTests;
			productName = sportsUpTests;
			productReference = 4ABC014B1FCA56CF001F2813 /* sportsUpTests.xctest */;
			productType = "com.apple.product-type.bundle.unit-test";
		};
		4ABC01551FCA56CF001F2813 /* sportsUpUITests */ = {
			isa = PBXNativeTarget;
			buildConfigurationList = 4ABC01651FCA56CF001F2813 /* Build configuration list for PBXNativeTarget "sportsUpUITests" */;
			buildPhases = (
				4ABC01521FCA56CF001F2813 /* Sources */,
				4ABC01531FCA56CF001F2813 /* Frameworks */,
				4ABC01541FCA56CF001F2813 /* Resources */,
			);
			buildRules = (
			);
			dependencies = (
				4ABC01581FCA56CF001F2813 /* PBXTargetDependency */,
			);
			name = sportsUpUITests;
			productName = sportsUpUITests;
			productReference = 4ABC01561FCA56CF001F2813 /* sportsUpUITests.xctest */;
			productType = "com.apple.product-type.bundle.ui-testing";
		};
/* End PBXNativeTarget section */

/* Begin PBXProject section */
		4ABC012F1FCA56CE001F2813 /* Project object */ = {
			isa = PBXProject;
			attributes = {
				LastSwiftUpdateCheck = 0900;
				LastUpgradeCheck = 0900;
				ORGANIZATIONNAME = "Jiayi Zou";
				TargetAttributes = {
					4ABC01361FCA56CE001F2813 = {
						CreatedOnToolsVersion = 9.0.1;
						ProvisioningStyle = Automatic;
					};
					4ABC014A1FCA56CF001F2813 = {
						CreatedOnToolsVersion = 9.0.1;
						ProvisioningStyle = Automatic;
						TestTargetID = 4ABC01361FCA56CE001F2813;
					};
					4ABC01551FCA56CF001F2813 = {
						CreatedOnToolsVersion = 9.0.1;
						ProvisioningStyle = Automatic;
						TestTargetID = 4ABC01361FCA56CE001F2813;
					};
				};
			};
			buildConfigurationList = 4ABC01321FCA56CE001F2813 /* Build configuration list for PBXProject "sportsUp" */;
			compatibilityVersion = "Xcode 8.0";
			developmentRegion = en;
			hasScannedForEncodings = 0;
			knownRegions = (
				en,
				Base,
			);
			mainGroup = 4ABC012E1FCA56CE001F2813;
			productRefGroup = 4ABC01381FCA56CE001F2813 /* Products */;
			projectDirPath = "";
			projectRoot = "";
			targets = (
				4ABC01361FCA56CE001F2813 /* sportsUp */,
				4ABC014A1FCA56CF001F2813 /* sportsUpTests */,
				4ABC01551FCA56CF001F2813 /* sportsUpUITests */,
			);
		};
/* End PBXProject section */

/* Begin PBXResourcesBuildPhase section */
		4ABC01351FCA56CE001F2813 /* Resources */ = {
			isa = PBXResourcesBuildPhase;
			buildActionMask = 2147483647;
			files = (
				4ABC01451FCA56CE001F2813 /* LaunchScreen.storyboard in Resources */,
				4ABC01421FCA56CE001F2813 /* Assets.xcassets in Resources */,
				4ABC01401FCA56CE001F2813 /* Main.storyboard in Resources */,
			);
			runOnlyForDeploymentPostprocessing = 0;
		};
		4ABC01491FCA56CF001F2813 /* Resources */ = {
			isa = PBXResourcesBuildPhase;
			buildActionMask = 2147483647;
			files = (
			);
			runOnlyForDeploymentPostprocessing = 0;
		};
		4ABC01541FCA56CF001F2813 /* Resources */ = {
			isa = PBXResourcesBuildPhase;
			buildActionMask = 2147483647;
			files = (
			);
			runOnlyForDeploymentPostprocessing = 0;
		};
/* End PBXResourcesBuildPhase section */

/* Begin PBXSourcesBuildPhase section */
		4ABC01331FCA56CE001F2813 /* Sources */ = {
			isa = PBXSourcesBuildPhase;
			buildActionMask = 2147483647;
			files = (
				4A9702531FD27BA500BCE979 /* UsersInEventTableViewCell.swift in Sources */,
				4A97024D1FD25AA200BCE979 /* customedUINavigationController.swift in Sources */,
				4ABC01841FCA6CE8001F2813 /* EnrollEventRequestModel.swift in Sources */,
				4ABC018C1FCA9659001F2813 /* StadiumModel.swift in Sources */,
				4ABC01701FCA5A32001F2813 /* LoginResponseModel.swift in Sources */,
				4ABC01761FCA6029001F2813 /* EventListResponseModel.swift in Sources */,
				4ABC01861FCA6E0A001F2813 /* EnrollEventResponseModel.swift in Sources */,
				4ABC017C1FCA66FC001F2813 /* NewEventResponseModel.swift in Sources */,
				4AD921481FD124550063B2CD /* AddEventTableViewCell.swift in Sources */,
				4A20C40B1FD4B75700579306 /* LaunchScreenViewController.swift in Sources */,
				4ABC01901FCA97B8001F2813 /* CreateStadiumResponseModel.swift in Sources */,
				4ABC017E1FCA671B001F2813 /* EventDetailRequestModel.swift in Sources */,
				4A79768A1FCF6BB100C4CDCA /* EventsTableViewCell.swift in Sources */,
				4AD3B0CA1FD377E50060AEB1 /* CustomedTabBarController.swift in Sources */,
				4ABC01721FCA5BF9001F2813 /* EventListItemModel.swift in Sources */,
				4AD3B0CC1FD38C9B0060AEB1 /* ProfileTableViewCell.swift in Sources */,
				4AEC14051FCE30D300F87134 /* LoginPageUiewController.swift in Sources */,
				4A7976901FCFB07800C4CDCA /* ActivityTableViewCell.swift in Sources */,
				4ABC018E1FCA976A001F2813 /* CreateStadiumRequestModel.swift in Sources */,
				4A7976861FCF621200C4CDCA /* EventsTableViewController.swift in Sources */,
				4ABC016E1FCA59BD001F2813 /* LoginRequestModel.swift in Sources */,
				4ABC01921FCA99E2001F2813 /* GetStadiumRequestModel.swift in Sources */,
				4AEC140C1FCE368F00F87134 /* Tools.swift in Sources */,
				4A7976921FCFBBC900C4CDCA /* SecondRegisterViewController.swift in Sources */,
				4ABC013B1FCA56CE001F2813 /* AppDelegate.swift in Sources */,
				4ABC01801FCA690A001F2813 /* UserModel.swift in Sources */,
				4ABC01821FCA6AB9001F2813 /* EventDetailResponseModel.swift in Sources */,
				4AEC14071FCE326300F87134 /* RegisterViewController.swift in Sources */,
				4ABC016A1FCA56F6001F2813 /* RegisterRequestModel.swift in Sources */,
				4ABC018A1FCA6E45001F2813 /* UnrollEventResponseModel.swift in Sources */,
				4AD3B0CE1FD38D610060AEB1 /* ProfileTableViewController.swift in Sources */,
				4ABC01781FCA6310001F2813 /* EventDetailModel.swift in Sources */,
				4ABC01881FCA6E1F001F2813 /* UnrollEventRequestModel.swift in Sources */,
				4ABC01741FCA600C001F2813 /* EventListRequestModel.swift in Sources */,
				4A97024F1FD2601500BCE979 /* EventDetailViewController.swift in Sources */,
				4ADC79FB1FD1340B00834463 /* AddEventDetailViewController.swift in Sources */,
				4A79768E1FCFAC8300C4CDCA /* ActivityTableViewController.swift in Sources */,
				4ABC016C1FCA5917001F2813 /* RegisterResponseModel.swift in Sources */,
				4A9702511FD27AFB00BCE979 /* UsersInEventTableViewController.swift in Sources */,
				4ABC017A1FCA632C001F2813 /* NewEventRequestModel.swift in Sources */,
				4A1D73C31FD32E6000BDCEB3 /* GetUserRequestModel.swift in Sources */,
				4AAACC4F1FD11B0000C13F10 /* AddEventTableViewController.swift in Sources */,
				4ABC01941FCA9A13001F2813 /* GetStadiumResponseModel.swift in Sources */,
			);
			runOnlyForDeploymentPostprocessing = 0;
		};
		4ABC01471FCA56CF001F2813 /* Sources */ = {
			isa = PBXSourcesBuildPhase;
			buildActionMask = 2147483647;
			files = (
				4ABC01501FCA56CF001F2813 /* sportsUpTests.swift in Sources */,
			);
			runOnlyForDeploymentPostprocessing = 0;
		};
		4ABC01521FCA56CF001F2813 /* Sources */ = {
			isa = PBXSourcesBuildPhase;
			buildActionMask = 2147483647;
			files = (
				4ABC015B1FCA56CF001F2813 /* sportsUpUITests.swift in Sources */,
			);
			runOnlyForDeploymentPostprocessing = 0;
		};
/* End PBXSourcesBuildPhase section */

/* Begin PBXTargetDependency section */
		4ABC014D1FCA56CF001F2813 /* PBXTargetDependency */ = {
			isa = PBXTargetDependency;
			target = 4ABC01361FCA56CE001F2813 /* sportsUp */;
			targetProxy = 4ABC014C1FCA56CF001F2813 /* PBXContainerItemProxy */;
		};
		4ABC01581FCA56CF001F2813 /* PBXTargetDependency */ = {
			isa = PBXTargetDependency;
			target = 4ABC01361FCA56CE001F2813 /* sportsUp */;
			targetProxy = 4ABC01571FCA56CF001F2813 /* PBXContainerItemProxy */;
		};
/* End PBXTargetDependency section */

/* Begin PBXVariantGroup section */
		4ABC013E1FCA56CE001F2813 /* Main.storyboard */ = {
			isa = PBXVariantGroup;
			children = (
				4ABC013F1FCA56CE001F2813 /* Base */,
			);
			name = Main.storyboard;
			sourceTree = "<group>";
		};
		4ABC01431FCA56CE001F2813 /* LaunchScreen.storyboard */ = {
			isa = PBXVariantGroup;
			children = (
				4ABC01441FCA56CE001F2813 /* Base */,
			);
			name = LaunchScreen.storyboard;
			sourceTree = "<group>";
		};
/* End PBXVariantGroup section */

/* Begin XCBuildConfiguration section */
		4ABC015D1FCA56CF001F2813 /* Debug */ = {
			isa = XCBuildConfiguration;
			buildSettings = {
				ALWAYS_SEARCH_USER_PATHS = NO;
				CLANG_ANALYZER_NONNULL = YES;
				CLANG_ANALYZER_NUMBER_OBJECT_CONVERSION = YES_AGGRESSIVE;
				CLANG_CXX_LANGUAGE_STANDARD = "gnu++14";
				CLANG_CXX_LIBRARY = "libc++";
				CLANG_ENABLE_MODULES = YES;
				CLANG_ENABLE_OBJC_ARC = YES;
				CLANG_WARN_BLOCK_CAPTURE_AUTORELEASING = YES;
				CLANG_WARN_BOOL_CONVERSION = YES;
				CLANG_WARN_COMMA = YES;
				CLANG_WARN_CONSTANT_CONVERSION = YES;
				CLANG_WARN_DIRECT_OBJC_ISA_USAGE = YES_ERROR;
				CLANG_WARN_DOCUMENTATION_COMMENTS = YES;
				CLANG_WARN_EMPTY_BODY = YES;
				CLANG_WARN_ENUM_CONVERSION = YES;
				CLANG_WARN_INFINITE_RECURSION = YES;
				CLANG_WARN_INT_CONVERSION = YES;
				CLANG_WARN_NON_LITERAL_NULL_CONVERSION = YES;
				CLANG_WARN_OBJC_LITERAL_CONVERSION = YES;
				CLANG_WARN_OBJC_ROOT_CLASS = YES_ERROR;
				CLANG_WARN_RANGE_LOOP_ANALYSIS = YES;
				CLANG_WARN_STRICT_PROTOTYPES = YES;
				CLANG_WARN_SUSPICIOUS_MOVE = YES;
				CLANG_WARN_UNGUARDED_AVAILABILITY = YES_AGGRESSIVE;
				CLANG_WARN_UNREACHABLE_CODE = YES;
				CLANG_WARN__DUPLICATE_METHOD_MATCH = YES;
				CODE_SIGN_IDENTITY = "iPhone Developer";
				COPY_PHASE_STRIP = NO;
				DEBUG_INFORMATION_FORMAT = dwarf;
				ENABLE_STRICT_OBJC_MSGSEND = YES;
				ENABLE_TESTABILITY = YES;
				GCC_C_LANGUAGE_STANDARD = gnu11;
				GCC_DYNAMIC_NO_PIC = NO;
				GCC_NO_COMMON_BLOCKS = YES;
				GCC_OPTIMIZATION_LEVEL = 0;
				GCC_PREPROCESSOR_DEFINITIONS = (
					"DEBUG=1",
					"$(inherited)",
				);
				GCC_WARN_64_TO_32_BIT_CONVERSION = YES;
				GCC_WARN_ABOUT_RETURN_TYPE = YES_ERROR;
				GCC_WARN_UNDECLARED_SELECTOR = YES;
				GCC_WARN_UNINITIALIZED_AUTOS = YES_AGGRESSIVE;
				GCC_WARN_UNUSED_FUNCTION = YES;
				GCC_WARN_UNUSED_VARIABLE = YES;
				IPHONEOS_DEPLOYMENT_TARGET = 11.0;
				MTL_ENABLE_DEBUG_INFO = YES;
				ONLY_ACTIVE_ARCH = YES;
				SDKROOT = iphoneos;
				SWIFT_ACTIVE_COMPILATION_CONDITIONS = DEBUG;
				SWIFT_OPTIMIZATION_LEVEL = "-Onone";
			};
			name = Debug;
		};
		4ABC015E1FCA56CF001F2813 /* Release */ = {
			isa = XCBuildConfiguration;
			buildSettings = {
				ALWAYS_SEARCH_USER_PATHS = NO;
				CLANG_ANALYZER_NONNULL = YES;
				CLANG_ANALYZER_NUMBER_OBJECT_CONVERSION = YES_AGGRESSIVE;
				CLANG_CXX_LANGUAGE_STANDARD = "gnu++14";
				CLANG_CXX_LIBRARY = "libc++";
				CLANG_ENABLE_MODULES = YES;
				CLANG_ENABLE_OBJC_ARC = YES;
				CLANG_WARN_BLOCK_CAPTURE_AUTORELEASING = YES;
				CLANG_WARN_BOOL_CONVERSION = YES;
				CLANG_WARN_COMMA = YES;
				CLANG_WARN_CONSTANT_CONVERSION = YES;
				CLANG_WARN_DIRECT_OBJC_ISA_USAGE = YES_ERROR;
				CLANG_WARN_DOCUMENTATION_COMMENTS = YES;
				CLANG_WARN_EMPTY_BODY = YES;
				CLANG_WARN_ENUM_CONVERSION = YES;
				CLANG_WARN_INFINITE_RECURSION = YES;
				CLANG_WARN_INT_CONVERSION = YES;
				CLANG_WARN_NON_LITERAL_NULL_CONVERSION = YES;
				CLANG_WARN_OBJC_LITERAL_CONVERSION = YES;
				CLANG_WARN_OBJC_ROOT_CLASS = YES_ERROR;
				CLANG_WARN_RANGE_LOOP_ANALYSIS = YES;
				CLANG_WARN_STRICT_PROTOTYPES = YES;
				CLANG_WARN_SUSPICIOUS_MOVE = YES;
				CLANG_WARN_UNGUARDED_AVAILABILITY = YES_AGGRESSIVE;
				CLANG_WARN_UNREACHABLE_CODE = YES;
				CLANG_WARN__DUPLICATE_METHOD_MATCH = YES;
				CODE_SIGN_IDENTITY = "iPhone Developer";
				COPY_PHASE_STRIP = NO;
				DEBUG_INFORMATION_FORMAT = "dwarf-with-dsym";
				ENABLE_NS_ASSERTIONS = NO;
				ENABLE_STRICT_OBJC_MSGSEND = YES;
				GCC_C_LANGUAGE_STANDARD = gnu11;
				GCC_NO_COMMON_BLOCKS = YES;
				GCC_WARN_64_TO_32_BIT_CONVERSION = YES;
				GCC_WARN_ABOUT_RETURN_TYPE = YES_ERROR;
				GCC_WARN_UNDECLARED_SELECTOR = YES;
				GCC_WARN_UNINITIALIZED_AUTOS = YES_AGGRESSIVE;
				GCC_WARN_UNUSED_FUNCTION = YES;
				GCC_WARN_UNUSED_VARIABLE = YES;
				IPHONEOS_DEPLOYMENT_TARGET = 11.0;
				MTL_ENABLE_DEBUG_INFO = NO;
				SDKROOT = iphoneos;
				SWIFT_OPTIMIZATION_LEVEL = "-Owholemodule";
				VALIDATE_PRODUCT = YES;
			};
			name = Release;
		};
		4ABC01601FCA56CF001F2813 /* Debug */ = {
			isa = XCBuildConfiguration;
			buildSettings = {
				ASSETCATALOG_COMPILER_APPICON_NAME = AppIcon;
				CODE_SIGN_STYLE = Automatic;
				DEVELOPMENT_TEAM = GQ4WXJ899L;
				INFOPLIST_FILE = sportsUp/Info.plist;
				IPHONEOS_DEPLOYMENT_TARGET = 10.0;
				LD_RUNPATH_SEARCH_PATHS = "$(inherited) @executable_path/Frameworks";
				PRODUCT_BUNDLE_IDENTIFIER = sportsUp.sportsUp;
				PRODUCT_NAME = "$(TARGET_NAME)";
				SWIFT_ACTIVE_COMPILATION_CONDITIONS = DEBUGG;
				SWIFT_VERSION = 4.0;
				TARGETED_DEVICE_FAMILY = 1;
			};
			name = Debug;
		};
		4ABC01611FCA56CF001F2813 /* Release */ = {
			isa = XCBuildConfiguration;
			buildSettings = {
				ASSETCATALOG_COMPILER_APPICON_NAME = AppIcon;
				CODE_SIGN_STYLE = Automatic;
				DEVELOPMENT_TEAM = GQ4WXJ899L;
				INFOPLIST_FILE = sportsUp/Info.plist;
				IPHONEOS_DEPLOYMENT_TARGET = 10.0;
				LD_RUNPATH_SEARCH_PATHS = "$(inherited) @executable_path/Frameworks";
				PRODUCT_BUNDLE_IDENTIFIER = sportsUp.sportsUp;
				PRODUCT_NAME = "$(TARGET_NAME)";
				SWIFT_VERSION = 4.0;
				TARGETED_DEVICE_FAMILY = 1;
			};
			name = Release;
		};
		4ABC01631FCA56CF001F2813 /* Debug */ = {
			isa = XCBuildConfiguration;
			buildSettings = {
				ALWAYS_EMBED_SWIFT_STANDARD_LIBRARIES = YES;
				BUNDLE_LOADER = "$(TEST_HOST)";
				CODE_SIGN_STYLE = Automatic;
				DEVELOPMENT_TEAM = GQ4WXJ899L;
				INFOPLIST_FILE = sportsUpTests/Info.plist;
				LD_RUNPATH_SEARCH_PATHS = "$(inherited) @executable_path/Frameworks @loader_path/Frameworks";
				PRODUCT_BUNDLE_IDENTIFIER = sportsUp.sportsUpTests;
				PRODUCT_NAME = "$(TARGET_NAME)";
				SWIFT_VERSION = 4.0;
				TARGETED_DEVICE_FAMILY = "1,2";
				TEST_HOST = "$(BUILT_PRODUCTS_DIR)/sportsUp.app/sportsUp";
			};
			name = Debug;
		};
		4ABC01641FCA56CF001F2813 /* Release */ = {
			isa = XCBuildConfiguration;
			buildSettings = {
				ALWAYS_EMBED_SWIFT_STANDARD_LIBRARIES = YES;
				BUNDLE_LOADER = "$(TEST_HOST)";
				CODE_SIGN_STYLE = Automatic;
				DEVELOPMENT_TEAM = GQ4WXJ899L;
				INFOPLIST_FILE = sportsUpTests/Info.plist;
				LD_RUNPATH_SEARCH_PATHS = "$(inherited) @executable_path/Frameworks @loader_path/Frameworks";
				PRODUCT_BUNDLE_IDENTIFIER = sportsUp.sportsUpTests;
				PRODUCT_NAME = "$(TARGET_NAME)";
				SWIFT_VERSION = 4.0;
				TARGETED_DEVICE_FAMILY = "1,2";
				TEST_HOST = "$(BUILT_PRODUCTS_DIR)/sportsUp.app/sportsUp";
			};
			name = Release;
		};
		4ABC01661FCA56CF001F2813 /* Debug */ = {
			isa = XCBuildConfiguration;
			buildSettings = {
				ALWAYS_EMBED_SWIFT_STANDARD_LIBRARIES = YES;
				CODE_SIGN_STYLE = Automatic;
				DEVELOPMENT_TEAM = GQ4WXJ899L;
				INFOPLIST_FILE = sportsUpUITests/Info.plist;
				LD_RUNPATH_SEARCH_PATHS = "$(inherited) @executable_path/Frameworks @loader_path/Frameworks";
				PRODUCT_BUNDLE_IDENTIFIER = sportsUp.sportsUpUITests;
				PRODUCT_NAME = "$(TARGET_NAME)";
				SWIFT_VERSION = 4.0;
				TARGETED_DEVICE_FAMILY = "1,2";
				TEST_TARGET_NAME = sportsUp;
			};
			name = Debug;
		};
		4ABC01671FCA56CF001F2813 /* Release */ = {
			isa = XCBuildConfiguration;
			buildSettings = {
				ALWAYS_EMBED_SWIFT_STANDARD_LIBRARIES = YES;
				CODE_SIGN_STYLE = Automatic;
				DEVELOPMENT_TEAM = GQ4WXJ899L;
				INFOPLIST_FILE = sportsUpUITests/Info.plist;
				LD_RUNPATH_SEARCH_PATHS = "$(inherited) @executable_path/Frameworks @loader_path/Frameworks";
				PRODUCT_BUNDLE_IDENTIFIER = sportsUp.sportsUpUITests;
				PRODUCT_NAME = "$(TARGET_NAME)";
				SWIFT_VERSION = 4.0;
				TARGETED_DEVICE_FAMILY = "1,2";
				TEST_TARGET_NAME = sportsUp;
			};
			name = Release;
		};
/* End XCBuildConfiguration section */

/* Begin XCConfigurationList section */
		4ABC01321FCA56CE001F2813 /* Build configuration list for PBXProject "sportsUp" */ = {
			isa = XCConfigurationList;
			buildConfigurations = (
				4ABC015D1FCA56CF001F2813 /* Debug */,
				4ABC015E1FCA56CF001F2813 /* Release */,
			);
			defaultConfigurationIsVisible = 0;
			defaultConfigurationName = Release;
		};
		4ABC015F1FCA56CF001F2813 /* Build configuration list for PBXNativeTarget "sportsUp" */ = {
			isa = XCConfigurationList;
			buildConfigurations = (
				4ABC01601FCA56CF001F2813 /* Debug */,
				4ABC01611FCA56CF001F2813 /* Release */,
			);
			defaultConfigurationIsVisible = 0;
			defaultConfigurationName = Release;
		};
		4ABC01621FCA56CF001F2813 /* Build configuration list for PBXNativeTarget "sportsUpTests" */ = {
			isa = XCConfigurationList;
			buildConfigurations = (
				4ABC01631FCA56CF001F2813 /* Debug */,
				4ABC01641FCA56CF001F2813 /* Release */,
			);
			defaultConfigurationIsVisible = 0;
			defaultConfigurationName = Release;
		};
		4ABC01651FCA56CF001F2813 /* Build configuration list for PBXNativeTarget "sportsUpUITests" */ = {
			isa = XCConfigurationList;
			buildConfigurations = (
				4ABC01661FCA56CF001F2813 /* Debug */,
				4ABC01671FCA56CF001F2813 /* Release */,
			);
			defaultConfigurationIsVisible = 0;
			defaultConfigurationName = Release;
		};
/* End XCConfigurationList section */
	};
	rootObject = 4ABC012F1FCA56CE001F2813 /* Project object */;
}
